
Microsoft Visual Studio Solution File, Format Version 12.00
# Visual Studio Version 16
VisualStudioVersion = 16.0.30413.136
MinimumVisualStudioVersion = 10.0.40219.1
Project("{9A19103F-16F7-4668-BE54-9A1E7A4F7556}") = "RubicX_PS223020", "RubicX_PS223020\RubicX_PS223020.csproj", "{7B28AD06-8EB0-406A-BFC3-581F77867A14}"
EndProject
Project("{2150E333-8FDC-42A3-9474-1A3956D46DE8}") = "Api", "Api", "{8163EBBE-23B7-4E81-BD9F-E340FDB86EEB}"
EndProject
Project("{2150E333-8FDC-42A3-9474-1A3956D46DE8}") = "BusinesLogic", "BusinesLogic", "{4D470A17-D648-4BD0-AF5E-DC422743A39D}"
EndProject
Project("{2150E333-8FDC-42A3-9474-1A3956D46DE8}") = "DataAccess", "DataAccess", "{5C924EEE-133A-4B12-AD7E-455E69A72567}"
EndProject
Project("{FAE04EC0-301F-11D3-BF4B-00C04F79EFBC}") = "RubicX_PS223020.Core", "RubicX_PS223020.Core\RubicX_PS223020.Core.csproj", "{7879E670-DA04-4E5C-87FB-1DCA1FD808E8}"
EndProject
Project("{FAE04EC0-301F-11D3-BF4B-00C04F79EFBC}") = "RubicX_PS223020.DataAccess", "RubicX_PS223020.DataAccess\RubicX_PS223020.DataAccess.csproj", "{9B3A7468-6843-42D1-8F45-3B1F67F0A359}"
EndProject
Project("{FAE04EC0-301F-11D3-BF4B-00C04F79EFBC}") = "RubicX_PS223020.DataAccess.Core", "RubicX_PS223020.DataAccess.Core\RubicX_PS223020.DataAccess.Core.csproj", "{115CA45B-A200-48E4-B44D-F6ABC35A91A9}"
EndProject
Project("{FAE04EC0-301F-11D3-BF4B-00C04F79EFBC}") = "RubicX_PS223020.BusinesLogic", "RubicX_PS223020.BusinesLogic\RubicX_PS223020.BusinesLogic.csproj", "{3F3D074B-A2A9-4CCC-B563-8063FF4A1CD5}"
EndProject
Project("{FAE04EC0-301F-11D3-BF4B-00C04F79EFBC}") = "RubicX_PS223020.BusinesLogic.Core", "RubicX_PS223020.BusinesLogic.Core\RubicX_PS223020.BusinesLogic.Core.csproj", "{5CEC3E13-19CC-43E5-A2A4-A52D6B547F86}"
EndProject
Project("{2150E333-8FDC-42A3-9474-1A3956D46DE8}") = "Shared", "Shared", "{3C6F00CF-C0B3-4748-98BB-89AE6604A0BD}"
EndProject
Project("{FAE04EC0-301F-11D3-BF4B-00C04F79EFBC}") = "Shared", "Shared\Shared.csproj", "{98DBAE99-152F-4DBB-B9FE-E87291D35A7A}"
EndProject
Global
	GlobalSection(SolutionConfigurationPlatforms) = preSolution
		Debug|Any CPU = Debug|Any CPU
		Release|Any CPU = Release|Any CPU
	EndGlobalSection
	GlobalSection(ProjectConfigurationPlatforms) = postSolution
		{7B28AD06-8EB0-406A-BFC3-581F77867A14}.Debug|Any CPU.ActiveCfg = Debug|Any CPU
		{7B28AD06-8EB0-406A-BFC3-581F77867A14}.Debug|Any CPU.Build.0 = Debug|Any CPU
		{7B28AD06-8EB0-406A-BFC3-581F77867A14}.Release|Any CPU.ActiveCfg = Release|Any CPU
		{7B28AD06-8EB0-406A-BFC3-581F77867A14}.Release|Any CPU.Build.0 = Release|Any CPU
		{7879E670-DA04-4E5C-87FB-1DCA1FD808E8}.Debug|Any CPU.ActiveCfg = Debug|Any CPU
		{7879E670-DA04-4E5C-87FB-1DCA1FD808E8}.Debug|Any CPU.Build.0 = Debug|Any CPU
		{7879E670-DA04-4E5C-87FB-1DCA1FD808E8}.Release|Any CPU.ActiveCfg = Release|Any CPU
		{7879E670-DA04-4E5C-87FB-1DCA1FD808E8}.Release|Any CPU.Build.0 = Release|Any CPU
		{9B3A7468-6843-42D1-8F45-3B1F67F0A359}.Debug|Any CPU.ActiveCfg = Debug|Any CPU
		{9B3A7468-6843-42D1-8F45-3B1F67F0A359}.Debug|Any CPU.Build.0 = Debug|Any CPU
		{9B3A7468-6843-42D1-8F45-3B1F67F0A359}.Release|Any CPU.ActiveCfg = Release|Any CPU
		{9B3A7468-6843-42D1-8F45-3B1F67F0A359}.Release|Any CPU.Build.0 = Release|Any CPU
		{115CA45B-A200-48E4-B44D-F6ABC35A91A9}.Debug|Any CPU.ActiveCfg = Debug|Any CPU
		{115CA45B-A200-48E4-B44D-F6ABC35A91A9}.Debug|Any CPU.Build.0 = Debug|Any CPU
		{115CA45B-A200-48E4-B44D-F6ABC35A91A9}.Release|Any CPU.ActiveCfg = Release|Any CPU
		{115CA45B-A200-48E4-B44D-F6ABC35A91A9}.Release|Any CPU.Build.0 = Release|Any CPU
		{3F3D074B-A2A9-4CCC-B563-8063FF4A1CD5}.Debug|Any CPU.ActiveCfg = Debug|Any CPU
		{3F3D074B-A2A9-4CCC-B563-8063FF4A1CD5}.Debug|Any CPU.Build.0 = Debug|Any CPU
		{3F3D074B-A2A9-4CCC-B563-8063FF4A1CD5}.Release|Any CPU.ActiveCfg = Release|Any CPU
		{3F3D074B-A2A9-4CCC-B563-8063FF4A1CD5}.Release|Any CPU.Build.0 = Release|Any CPU
		{5CEC3E13-19CC-43E5-A2A4-A52D6B547F86}.Debug|Any CPU.ActiveCfg = Debug|Any CPU
		{5CEC3E13-19CC-43E5-A2A4-A52D6B547F86}.Debug|Any CPU.Build.0 = Debug|Any CPU
		{5CEC3E13-19CC-43E5-A2A4-A52D6B547F86}.Release|Any CPU.ActiveCfg = Release|Any CPU
		{5CEC3E13-19CC-43E5-A2A4-A52D6B547F86}.Release|Any CPU.Build.0 = Release|Any CPU
		{98DBAE99-152F-4DBB-B9FE-E87291D35A7A}.Debug|Any CPU.ActiveCfg = Debug|Any CPU
		{98DBAE99-152F-4DBB-B9FE-E87291D35A7A}.Debug|Any CPU.Build.0 = Debug|Any CPU
		{98DBAE99-152F-4DBB-B9FE-E87291D35A7A}.Release|Any CPU.ActiveCfg = Release|Any CPU
		{98DBAE99-152F-4DBB-B9FE-E87291D35A7A}.Release|Any CPU.Build.0 = Release|Any CPU
	EndGlobalSection
	GlobalSection(SolutionProperties) = preSolution
		HideSolutionNode = FALSE
	EndGlobalSection
	GlobalSection(NestedProjects) = preSolution
		{7B28AD06-8EB0-406A-BFC3-581F77867A14} = {8163EBBE-23B7-4E81-BD9F-E340FDB86EEB}
		{7879E670-DA04-4E5C-87FB-1DCA1FD808E8} = {8163EBBE-23B7-4E81-BD9F-E340FDB86EEB}
		{9B3A7468-6843-42D1-8F45-3B1F67F0A359} = {5C924EEE-133A-4B12-AD7E-455E69A72567}
		{115CA45B-A200-48E4-B44D-F6ABC35A91A9} = {5C924EEE-133A-4B12-AD7E-455E69A72567}
		{3F3D074B-A2A9-4CCC-B563-8063FF4A1CD5} = {4D470A17-D648-4BD0-AF5E-DC422743A39D}
		{5CEC3E13-19CC-43E5-A2A4-A52D6B547F86} = {4D470A17-D648-4BD0-AF5E-DC422743A39D}
		{98DBAE99-152F-4DBB-B9FE-E87291D35A7A} = {3C6F00CF-C0B3-4748-98BB-89AE6604A0BD}
	EndGlobalSection
	GlobalSection(ExtensibilityGlobals) = postSolution
		SolutionGuid = {E04AC811-E461-4B73-9C09-20CAECDA49E8}
	EndGlobalSection
EndGlobal
